<?xml version="1.0" encoding="utf-8"?>
<Project ToolsVersion="4.0" xmlns="http://schemas.microsoft.com/developer/msbuild/2003">
  <ItemGroup>
    <ClCompile Include="src\ofApp.cpp">
      <Filter>src</Filter>
    </ClCompile>
    <ClCompile Include="src\main.cpp">
      <Filter>src</Filter>
    </ClCompile>
    <ClCompile Include="..\src\ofxProjectorBlend.cpp">
      <Filter>addons\ofxProjectorBlend\src</Filter>
    </ClCompile>
  </ItemGroup>
  <ItemGroup>
    <Filter Include="src">
      <UniqueIdentifier>{d8376475-7454-4a24-b08a-aac121d3ad6f}</UniqueIdentifier>
    </Filter>
    <Filter Include="addons">
      <UniqueIdentifier>{1031f799-3e05-477a-83bb-e70c0b6ab70c}</UniqueIdentifier>
    </Filter>
    <Filter Include="addons\ofxProjectorBlend">
      <UniqueIdentifier>{befd2b25-5a4d-4948-a627-d5989553e086}</UniqueIdentifier>
    </Filter>
    <Filter Include="addons\ofxProjectorBlend\src">
      <UniqueIdentifier>{c4c0f4c8-1833-4d8b-94b6-6c1c4e1ae998}</UniqueIdentifier>
    </Filter>
  </ItemGroup>
  <ItemGroup>
    <ClInclude Include="src\ofApp.h">
      <Filter>src</Filter>
    </ClInclude>
    <ClInclude Include="..\src\ofxProjectorBlend.h">
      <Filter>addons\ofxProjectorBlend\src</Filter>
    </ClInclude>
    <ClInclude Include="..\src\ofxProjectorBlendShader.h">
      <Filter>addons\ofxProjectorBlend\src</Filter>
    </ClInclude>
  </ItemGroup>
  <ItemGroup>
    <ResourceCompile Include="icon.rc" />
  </ItemGroup>
</Project>